// !$*UTF8*$!
{
	archiveVersion = 1;
	classes = {
	};
	objectVersion = 46;
	objects = {

/* Begin PBXBuildFile section */
		396AC4FF1ADB1FDA0043FBEB /* main.cpp in Sources */ = {isa = PBXBuildFile; fileRef = 396AC4FE1ADB1FDA0043FBEB /* main.cpp */; };
/* End PBXBuildFile section */

/* Begin PBXCopyFilesBuildPhase section */
		396AC4F01ADB1FC60043FBEB /* CopyFiles */ = {
			isa = PBXCopyFilesBuildPhase;
			buildActionMask = 2147483647;
			dstPath = /usr/share/man/man1/;
			dstSubfolderSpec = 0;
			files = (
			);
			runOnlyForDeploymentPostprocessing = 1;
		};
/* End PBXCopyFilesBuildPhase section */

/* Begin PBXFileReference section */
		396AC4F21ADB1FC60043FBEB /* Algorithms2 */ = {isa = PBXFileReference; explicitFileType = "compiled.mach-o.executable"; includeInIndex = 0; path = Algorithms2; sourceTree = BUILT_PRODUCTS_DIR; };
		396AC4FC1ADB1FDA0043FBEB /* assignment1.hpp */ = {isa = PBXFileReference; fileEncoding = 4; lastKnownFileType = sourcecode.cpp.h; name = assignment1.hpp; path = ../../assignment1.hpp; sourceTree = "<group>"; };
		396AC4FD1ADB1FDA0043FBEB /* assignment2.hpp */ = {isa = PBXFileReference; fileEncoding = 4; lastKnownFileType = sourcecode.cpp.h; name = assignment2.hpp; path = ../../assignment2.hpp; sourceTree = "<group>"; };
		396AC4FE1ADB1FDA0043FBEB /* main.cpp */ = {isa = PBXFileReference; fileEncoding = 4; lastKnownFileType = sourcecode.cpp.cpp; name = main.cpp; path = ../../main.cpp; sourceTree = "<group>"; };
/* End PBXFileReference section */

/* Begin PBXFrameworksBuildPhase section */
		396AC4EF1ADB1FC60043FBEB /* Frameworks */ = {
			isa = PBXFrameworksBuildPhase;
			buildActionMask = 2147483647;
			files = (
			);
			runOnlyForDeploymentPostprocessing = 0;
		};
/* End PBXFrameworksBuildPhase section */

/* Begin PBXGroup section */
		396AC4E91ADB1FC60043FBEB = {
			isa = PBXGroup;
			children = (
				396AC4F41ADB1FC60043FBEB /* Algorithms2 */,
				396AC4F31ADB1FC60043FBEB /* Products */,
			);
			sourceTree = "<group>";
		};
		396AC4F31ADB1FC60043FBEB /* Products */ = {
			isa = PBXGroup;
			children = (
				396AC4F21ADB1FC60043FBEB /* Algorithms2 */,
			);
			name = Products;
			sourceTree = "<group>";
		};
		396AC4F41ADB1FC60043FBEB /* Algorithms2 */ = {
			isa = PBXGroup;
			children = (
				396AC4FC1ADB1FDA0043FBEB /* assignment1.hpp */,
				396AC4FD1ADB1FDA0043FBEB /* assignment2.hpp */,
				396AC4FE1ADB1FDA0043FBEB /* main.cpp */,
			);
			path = Algorithms2;
			sourceTree = "<group>";
		};
/* End PBXGroup section */

/* Begin PBXNativeTarget section */
		396AC4F11ADB1FC60043FBEB /* Algorithms2 */ = {
			isa = PBXNativeTarget;
			buildConfigurationList = 396AC4F91ADB1FC60043FBEB /* Build configuration list for PBXNativeTarget "Algorithms2" */;
			buildPhases = (
				396AC4EE1ADB1FC60043FBEB /* Sources */,
				396AC4EF1ADB1FC60043FBEB /* Frameworks */,
				396AC4F01ADB1FC60043FBEB /* CopyFiles */,
			);
			buildRules = (
			);
			dependencies = (
			);
			name = Algorithms2;
			productName = Algorithms2;
			productReference = 396AC4F21ADB1FC60043FBEB /* Algorithms2 */;
			productType = "com.apple.product-type.tool";
		};
/* End PBXNativeTarget section */

/* Begin PBXProject section */
		396AC4EA1ADB1FC60043FBEB /* Project object */ = {
			isa = PBXProject;
			attributes = {
				LastUpgradeCheck = 0620;
				ORGANIZATIONNAME = "Nenad Mancevic";
				TargetAttributes = {
					396AC4F11ADB1FC60043FBEB = {
						CreatedOnToolsVersion = 6.2;
					};
				};
			};
			buildConfigurationList = 396AC4ED1ADB1FC60043FBEB /* Build configuration list for PBXProject "Algorithms2" */;
			compatibilityVersion = "Xcode 3.2";
			developmentRegion = English;
			hasScannedForEncodings = 0;
			knownRegions = (
				en,
			);
			mainGroup = 396AC4E91ADB1FC60043FBEB;
			productRefGroup = 396AC4F31ADB1FC60043FBEB /* Products */;
			projectDirPath = "";
			projectRoot = "";
			targets = (
				396AC4F11ADB1FC60043FBEB /* Algorithms2 */,
			);
		};
/* End PBXProject section */

/* Begin PBXSourcesBuildPhase section */
		396AC4EE1ADB1FC60043FBEB /* Sources */ = {
			isa = PBXSourcesBuildPhase;
			buildActionMask = 2147483647;
			files = (
				396AC4FF1ADB1FDA0043FBEB /* main.cpp in Sources */,
			);
			runOnlyForDeploymentPostprocessing = 0;
		};
/* End PBXSourcesBuildPhase section */

/* Begin XCBuildConfiguration section */
		396AC4F71ADB1FC60043FBEB /* Debug */ = {
			isa = XCBuildConfiguration;
			buildSettings = {
				ALWAYS_SEARCH_USER_PATHS = NO;
				CLANG_CXX_LANGUAGE_STANDARD = "gnu++0x";
				CLANG_CXX_LIBRARY = "libc++";
				CLANG_ENABLE_MODULES = YES;
				CLANG_ENABLE_OBJC_ARC = YES;
				CLANG_WARN_BOOL_CONVERSION = YES;
				CLANG_WARN_CONSTANT_CONVERSION = YES;
				CLANG_WARN_DIRECT_OBJC_ISA_USAGE = YES_ERROR;
				CLANG_WARN_EMPTY_BODY = YES;
				CLANG_WARN_ENUM_CONVERSION = YES;
				CLANG_WARN_INT_CONVERSION = YES;
				CLANG_WARN_OBJC_ROOT_CLASS = YES_ERROR;
				CLANG_WARN_UNREACHABLE_CODE = YES;
				CLANG_WARN__DUPLICATE_METHOD_MATCH = YES;
				COPY_PHASE_STRIP = NO;
				ENABLE_STRICT_OBJC_MSGSEND = YES;
				GCC_C_LANGUAGE_STANDARD = gnu99;
				GCC_DYNAMIC_NO_PIC = NO;
				GCC_OPTIMIZATION_LEVEL = 0;
				GCC_PREPROCESSOR_DEFINITIONS = (
					"DEBUG=1",
					"$(inherited)",
				);
				GCC_SYMBOLS_PRIVATE_EXTERN = NO;
				GCC_WARN_64_TO_32_BIT_CONVERSION = YES;
				GCC_WARN_ABOUT_RETURN_TYPE = YES_ERROR;
				GCC_WARN_UNDECLARED_SELECTOR = YES;
				GCC_WARN_UNINITIALIZED_AUTOS = YES_AGGRESSIVE;
				GCC_WARN_UNUSED_FUNCTION = YES;
				GCC_WARN_UNUSED_VARIABLE = YES;
				MACOSX_DEPLOYMENT_TARGET = 10.10;
				MTL_ENABLE_DEBUG_INFO = YES;
				ONLY_ACTIVE_ARCH = YES;
				SDKROOT = macosx;
			};
			name = Debug;
		};
		396AC4F81ADB1FC60043FBEB /* Release */ = {
			isa = XCBuildConfiguration;
			buildSettings = {
				ALWAYS_SEARCH_USER_PATHS = NO;
				CLANG_CXX_LANGUAGE_STANDARD = "gnu++0x";
				CLANG_CXX_LIBRARY = "libc++";
				CLANG_ENABLE_MODULES = YES;
				CLANG_ENABLE_OBJC_ARC = YES;
				CLANG_WARN_BOOL_CONVERSION = YES;
				CLANG_WARN_CONSTANT_CONVERSION = YES;
				CLANG_WARN_DIRECT_OBJC_ISA_USAGE = YES_ERROR;
				CLANG_WARN_EMPTY_BODY = YES;
				CLANG_WARN_ENUM_CONVERSION = YES;
				CLANG_WARN_INT_CONVERSION = YES;
				CLANG_WARN_OBJC_ROOT_CLASS = YES_ERROR;
				CLANG_WARN_UNREACHABLE_CODE = YES;
				CLANG_WARN__DUPLICATE_METHOD_MATCH = YES;
				COPY_PHASE_STRIP = NO;
				DEBUG_INFORMATION_FORMAT = "dwarf-with-dsym";
				ENABLE_NS_ASSERTIONS = NO;
				ENABLE_STRICT_OBJC_MSGSEND = YES;
				GCC_C_LANGUAGE_STANDARD = gnu99;
				GCC_WARN_64_TO_32_BIT_CONVERSION = YES;
				GCC_WARN_ABOUT_RETURN_TYPE = YES_ERROR;
				GCC_WARN_UNDECLARED_SELECTOR = YES;
				GCC_WARN_UNINITIALIZED_AUTOS = YES_AGGRESSIVE;
				GCC_WARN_UNUSED_FUNCTION = YES;
				GCC_WARN_UNUSED_VARIABLE = YES;
				MACOSX_DEPLOYMENT_TARGET = 10.10;
				MTL_ENABLE_DEBUG_INFO = NO;
				SDKROOT = macosx;
			};
			name = Release;
		};
		396AC4FA1ADB1FC60043FBEB /* Debug */ = {
			isa = XCBuildConfiguration;
			buildSettings = {
				PRODUCT_NAME = "$(TARGET_NAME)";
			};
			name = Debug;
		};
		396AC4FB1ADB1FC60043FBEB /* Release */ = {
			isa = XCBuildConfiguration;
			buildSettings = {
				PRODUCT_NAME = "$(TARGET_NAME)";
			};
			name = Release;
		};
/* End XCBuildConfiguration section */

/* Begin XCConfigurationList section */
		396AC4ED1ADB1FC60043FBEB /* Build configuration list for PBXProject "Algorithms2" */ = {
			isa = XCConfigurationList;
			buildConfigurations = (
				396AC4F71ADB1FC60043FBEB /* Debug */,
				396AC4F81ADB1FC60043FBEB /* Release */,
			);
			defaultConfigurationIsVisible = 0;
			defaultConfigurationName = Release;
		};
		396AC4F91ADB1FC60043FBEB /* Build configuration list for PBXNativeTarget "Algorithms2" */ = {
			isa = XCConfigurationList;
			buildConfigurations = (
				396AC4FA1ADB1FC60043FBEB /* Debug */,
				396AC4FB1ADB1FC60043FBEB /* Release */,
			);
			defaultConfigurationIsVisible = 0;
		};
/* End XCConfigurationList section */
	};
	rootObject = 396AC4EA1ADB1FC60043FBEB /* Project object */;
}
